
Microsoft Visual Studio Solution File, Format Version 12.00
# Visual Studio Version 16
VisualStudioVersion = 16.0.31025.194
MinimumVisualStudioVersion = 10.0.40219.1
Project("{9A19103F-16F7-4668-BE54-9A1E7A4F7556}") = "Pong", "Pong\Pong.csproj", "{84CAB451-EC29-4A80-AA30-C34814E32806}"
EndProject
Global
	GlobalSection(SolutionConfigurationPlatforms) = preSolution
		Debug|Any CPU = Debug|Any CPU
		Release|Any CPU = Release|Any CPU
	EndGlobalSection
	GlobalSection(ProjectConfigurationPlatforms) = postSolution
		{84CAB451-EC29-4A80-AA30-C34814E32806}.Debug|Any CPU.ActiveCfg = Debug|Any CPU
		{84CAB451-EC29-4A80-AA30-C34814E32806}.Debug|Any CPU.Build.0 = Debug|Any CPU
		{84CAB451-EC29-4A80-AA30-C34814E32806}.Release|Any CPU.ActiveCfg = Release|Any CPU
		{84CAB451-EC29-4A80-AA30-C34814E32806}.Release|Any CPU.Build.0 = Release|Any CPU
	EndGlobalSection
	GlobalSection(SolutionProperties) = preSolution
		HideSolutionNode = FALSE
	EndGlobalSection
	GlobalSection(ExtensibilityGlobals) = postSolution
		SolutionGuid = {30FE1094-B0D2-4405-B901-7F83D76287EE}
	EndGlobalSection
EndGlobal
